// !$*UTF8*$!
{
	archiveVersion = 1;
	classes = {
	};
	objectVersion = 54;
	objects = {

/* Begin PBXBuildFile section */
		059F0D2AEE3B416887184F51 /* Satoshi-Medium.otf in Resources */ = {isa = PBXBuildFile; fileRef = 54D6500DB82E41899473D109 /* Satoshi-Medium.otf */; };
		0C80B921A6F3F58F76C31292 /* libPods-Steve.a in Frameworks */ = {isa = PBXBuildFile; fileRef = 5DCACB8F33CDC322A6C60F78 /* libPods-Steve.a */; };
		13B07FBF1A68108700A75B9A /* Images.xcassets in Resources */ = {isa = PBXBuildFile; fileRef = 13B07FB51A68108700A75B9A /* Images.xcassets */; };
		4A98F35CFC25414A9001619F /* Satoshi-Italic.otf in Resources */ = {isa = PBXBuildFile; fileRef = 8585BC816F774E34926FAB2A /* Satoshi-Italic.otf */; };
		4E7025E8F88B4999BC7EEB6C /* SpaceMono-Regular.ttf in Resources */ = {isa = PBXBuildFile; fileRef = E1DA11A3F090457A8A362AFD /* SpaceMono-Regular.ttf */; };
		502A380F327E4CDF96E52A83 /* Satoshi-Light.ttf in Resources */ = {isa = PBXBuildFile; fileRef = 6B84AE1D54D04931B87280B5 /* Satoshi-Light.ttf */; };
		52ECE3868CFC4D1D9B67B701 /* Satoshi-Regular.ttf in Resources */ = {isa = PBXBuildFile; fileRef = 93394A173DBF43E9B2C8D310 /* Satoshi-Regular.ttf */; };
		6A3796883CBC48338D34A5F0 /* Poppins-Regular.ttf in Resources */ = {isa = PBXBuildFile; fileRef = B5146ECAB5B1430484108D29 /* Poppins-Regular.ttf */; };
		6B3BAFAC44D5481798291BAE /* Satoshi-Medium.ttf in Resources */ = {isa = PBXBuildFile; fileRef = 6308F89B48AA46ACBC35C406 /* Satoshi-Medium.ttf */; };
		6BCEC4E6BB554C00AB18D064 /* Satoshi-Bold.ttf in Resources */ = {isa = PBXBuildFile; fileRef = 9B2F324C5B37494B92E27DB1 /* Satoshi-Bold.ttf */; };
		6DB6375C812D43638651B7DF /* Satoshi-Light.otf in Resources */ = {isa = PBXBuildFile; fileRef = A95C79EC517544278D99B5C6 /* Satoshi-Light.otf */; };
		761780ED2CA45674006654EE /* AppDelegate.swift in Sources */ = {isa = PBXBuildFile; fileRef = 761780EC2CA45674006654EE /* AppDelegate.swift */; };
		81AB9BB82411601600AC10FF /* LaunchScreen.storyboard in Resources */ = {isa = PBXBuildFile; fileRef = 81AB9BB72411601600AC10FF /* LaunchScreen.storyboard */; };
		8A4391DFCC9544B6B2847FA2 /* Satoshi-BoldItalic.otf in Resources */ = {isa = PBXBuildFile; fileRef = D4AC28D04C7A4AD19ABD5F03 /* Satoshi-BoldItalic.otf */; };
		8A7F11E527554F77BCD2F84C /* Satoshi-Black.otf in Resources */ = {isa = PBXBuildFile; fileRef = E5D0572366CD48F0AF56A4A7 /* Satoshi-Black.otf */; };
		A29DDB8E209E4D36914BAB26 /* Satoshi-Bold.otf in Resources */ = {isa = PBXBuildFile; fileRef = CF00931F8DCB4BED82782C14 /* Satoshi-Bold.otf */; };
		A4614D4CAB514DF7A6BA9565 /* Satoshi-MediumItalic.otf in Resources */ = {isa = PBXBuildFile; fileRef = 82282B99F4284B898BDD4854 /* Satoshi-MediumItalic.otf */; };
		AE8F177C21754492BAA8840A /* Satoshi-BlackItalic.otf in Resources */ = {isa = PBXBuildFile; fileRef = 15FD28C7A8ED4526A50D31F5 /* Satoshi-BlackItalic.otf */; };
		B103A8C85A8F495B94063978 /* Satoshi-LightItalic.otf in Resources */ = {isa = PBXBuildFile; fileRef = 45982DF780E74A51BAA5CDEA /* Satoshi-LightItalic.otf */; };
		C5414CB780C7CAEB45263484 /* PrivacyInfo.xcprivacy in Resources */ = {isa = PBXBuildFile; fileRef = 13B07FB81A68108700A75B9A /* PrivacyInfo.xcprivacy */; };
		D02B8C9B1CC44872BB3D43A5 /* Poppins-Regular.otf in Resources */ = {isa = PBXBuildFile; fileRef = 3412E4B5E65347438ABF5E84 /* Poppins-Regular.otf */; };
		E9191CD4987B4907A0670532 /* Satoshi-Regular.otf in Resources */ = {isa = PBXBuildFile; fileRef = 767DDC1BF77B43CAAC2C62F3 /* Satoshi-Regular.otf */; };
		F83C4E9A62EC44B0B5E0BE88 /* Satoshi-Black.ttf in Resources */ = {isa = PBXBuildFile; fileRef = E16C3B394E324B1F8F4CAA99 /* Satoshi-Black.ttf */; };
/* End PBXBuildFile section */

/* Begin PBXFileReference section */
		13B07F961A680F5B00A75B9A /* Steve.app */ = {isa = PBXFileReference; explicitFileType = wrapper.application; includeInIndex = 0; path = Steve.app; sourceTree = BUILT_PRODUCTS_DIR; };
		13B07FB51A68108700A75B9A /* Images.xcassets */ = {isa = PBXFileReference; lastKnownFileType = folder.assetcatalog; name = Images.xcassets; path = Steve/Images.xcassets; sourceTree = "<group>"; };
		13B07FB61A68108700A75B9A /* Info.plist */ = {isa = PBXFileReference; fileEncoding = 4; lastKnownFileType = text.plist.xml; name = Info.plist; path = Steve/Info.plist; sourceTree = "<group>"; };
		13B07FB81A68108700A75B9A /* PrivacyInfo.xcprivacy */ = {isa = PBXFileReference; fileEncoding = 4; lastKnownFileType = text.plist.xml; name = PrivacyInfo.xcprivacy; path = Steve/PrivacyInfo.xcprivacy; sourceTree = "<group>"; };
		15FD28C7A8ED4526A50D31F5 /* Satoshi-BlackItalic.otf */ = {isa = PBXFileReference; explicitFileType = undefined; fileEncoding = undefined; includeInIndex = 0; lastKnownFileType = unknown; name = "Satoshi-BlackItalic.otf"; path = "../assets/fonts/Satoshi-BlackItalic.otf"; sourceTree = "<group>"; };
		3412E4B5E65347438ABF5E84 /* Poppins-Regular.otf */ = {isa = PBXFileReference; explicitFileType = undefined; fileEncoding = undefined; includeInIndex = 0; lastKnownFileType = unknown; name = "Poppins-Regular.otf"; path = "../assets/fonts/Poppins-Regular.otf"; sourceTree = "<group>"; };
		3B4392A12AC88292D35C810B /* Pods-Steve.debug.xcconfig */ = {isa = PBXFileReference; includeInIndex = 1; lastKnownFileType = text.xcconfig; name = "Pods-Steve.debug.xcconfig"; path = "Target Support Files/Pods-Steve/Pods-Steve.debug.xcconfig"; sourceTree = "<group>"; };
		45982DF780E74A51BAA5CDEA /* Satoshi-LightItalic.otf */ = {isa = PBXFileReference; explicitFileType = undefined; fileEncoding = undefined; includeInIndex = 0; lastKnownFileType = unknown; name = "Satoshi-LightItalic.otf"; path = "../assets/fonts/Satoshi-LightItalic.otf"; sourceTree = "<group>"; };
		54D6500DB82E41899473D109 /* Satoshi-Medium.otf */ = {isa = PBXFileReference; explicitFileType = undefined; fileEncoding = undefined; includeInIndex = 0; lastKnownFileType = unknown; name = "Satoshi-Medium.otf"; path = "../assets/fonts/Satoshi-Medium.otf"; sourceTree = "<group>"; };
		5709B34CF0A7D63546082F79 /* Pods-Steve.release.xcconfig */ = {isa = PBXFileReference; includeInIndex = 1; lastKnownFileType = text.xcconfig; name = "Pods-Steve.release.xcconfig"; path = "Target Support Files/Pods-Steve/Pods-Steve.release.xcconfig"; sourceTree = "<group>"; };
		5DCACB8F33CDC322A6C60F78 /* libPods-Steve.a */ = {isa = PBXFileReference; explicitFileType = archive.ar; includeInIndex = 0; path = "libPods-Steve.a"; sourceTree = BUILT_PRODUCTS_DIR; };
		6308F89B48AA46ACBC35C406 /* Satoshi-Medium.ttf */ = {isa = PBXFileReference; explicitFileType = undefined; fileEncoding = undefined; includeInIndex = 0; lastKnownFileType = unknown; name = "Satoshi-Medium.ttf"; path = "../assets/fonts/Satoshi-Medium.ttf"; sourceTree = "<group>"; };
		6B84AE1D54D04931B87280B5 /* Satoshi-Light.ttf */ = {isa = PBXFileReference; explicitFileType = undefined; fileEncoding = undefined; includeInIndex = 0; lastKnownFileType = unknown; name = "Satoshi-Light.ttf"; path = "../assets/fonts/Satoshi-Light.ttf"; sourceTree = "<group>"; };
		761780EC2CA45674006654EE /* AppDelegate.swift */ = {isa = PBXFileReference; lastKnownFileType = sourcecode.swift; name = AppDelegate.swift; path = Steve/AppDelegate.swift; sourceTree = "<group>"; };
		767DDC1BF77B43CAAC2C62F3 /* Satoshi-Regular.otf */ = {isa = PBXFileReference; explicitFileType = undefined; fileEncoding = undefined; includeInIndex = 0; lastKnownFileType = unknown; name = "Satoshi-Regular.otf"; path = "../assets/fonts/Satoshi-Regular.otf"; sourceTree = "<group>"; };
		81AB9BB72411601600AC10FF /* LaunchScreen.storyboard */ = {isa = PBXFileReference; fileEncoding = 4; lastKnownFileType = file.storyboard; name = LaunchScreen.storyboard; path = Steve/LaunchScreen.storyboard; sourceTree = "<group>"; };
		82282B99F4284B898BDD4854 /* Satoshi-MediumItalic.otf */ = {isa = PBXFileReference; explicitFileType = undefined; fileEncoding = undefined; includeInIndex = 0; lastKnownFileType = unknown; name = "Satoshi-MediumItalic.otf"; path = "../assets/fonts/Satoshi-MediumItalic.otf"; sourceTree = "<group>"; };
		8585BC816F774E34926FAB2A /* Satoshi-Italic.otf */ = {isa = PBXFileReference; explicitFileType = undefined; fileEncoding = undefined; includeInIndex = 0; lastKnownFileType = unknown; name = "Satoshi-Italic.otf"; path = "../assets/fonts/Satoshi-Italic.otf"; sourceTree = "<group>"; };
		93394A173DBF43E9B2C8D310 /* Satoshi-Regular.ttf */ = {isa = PBXFileReference; explicitFileType = undefined; fileEncoding = undefined; includeInIndex = 0; lastKnownFileType = unknown; name = "Satoshi-Regular.ttf"; path = "../assets/fonts/Satoshi-Regular.ttf"; sourceTree = "<group>"; };
		9B2F324C5B37494B92E27DB1 /* Satoshi-Bold.ttf */ = {isa = PBXFileReference; explicitFileType = undefined; fileEncoding = undefined; includeInIndex = 0; lastKnownFileType = unknown; name = "Satoshi-Bold.ttf"; path = "../assets/fonts/Satoshi-Bold.ttf"; sourceTree = "<group>"; };
		A95C79EC517544278D99B5C6 /* Satoshi-Light.otf */ = {isa = PBXFileReference; explicitFileType = undefined; fileEncoding = undefined; includeInIndex = 0; lastKnownFileType = unknown; name = "Satoshi-Light.otf"; path = "../assets/fonts/Satoshi-Light.otf"; sourceTree = "<group>"; };
		B5146ECAB5B1430484108D29 /* Poppins-Regular.ttf */ = {isa = PBXFileReference; explicitFileType = undefined; fileEncoding = undefined; includeInIndex = 0; lastKnownFileType = unknown; name = "Poppins-Regular.ttf"; path = "../assets/fonts/Poppins-Regular.ttf"; sourceTree = "<group>"; };
		CF00931F8DCB4BED82782C14 /* Satoshi-Bold.otf */ = {isa = PBXFileReference; explicitFileType = undefined; fileEncoding = undefined; includeInIndex = 0; lastKnownFileType = unknown; name = "Satoshi-Bold.otf"; path = "../assets/fonts/Satoshi-Bold.otf"; sourceTree = "<group>"; };
		D4AC28D04C7A4AD19ABD5F03 /* Satoshi-BoldItalic.otf */ = {isa = PBXFileReference; explicitFileType = undefined; fileEncoding = undefined; includeInIndex = 0; lastKnownFileType = unknown; name = "Satoshi-BoldItalic.otf"; path = "../assets/fonts/Satoshi-BoldItalic.otf"; sourceTree = "<group>"; };
		E16C3B394E324B1F8F4CAA99 /* Satoshi-Black.ttf */ = {isa = PBXFileReference; explicitFileType = undefined; fileEncoding = undefined; includeInIndex = 0; lastKnownFileType = unknown; name = "Satoshi-Black.ttf"; path = "../assets/fonts/Satoshi-Black.ttf"; sourceTree = "<group>"; };
		E1DA11A3F090457A8A362AFD /* SpaceMono-Regular.ttf */ = {isa = PBXFileReference; explicitFileType = undefined; fileEncoding = undefined; includeInIndex = 0; lastKnownFileType = unknown; name = "SpaceMono-Regular.ttf"; path = "../assets/fonts/SpaceMono-Regular.ttf"; sourceTree = "<group>"; };
		E5D0572366CD48F0AF56A4A7 /* Satoshi-Black.otf */ = {isa = PBXFileReference; explicitFileType = undefined; fileEncoding = undefined; includeInIndex = 0; lastKnownFileType = unknown; name = "Satoshi-Black.otf"; path = "../assets/fonts/Satoshi-Black.otf"; sourceTree = "<group>"; };
		ED297162215061F000B7C4FE /* JavaScriptCore.framework */ = {isa = PBXFileReference; lastKnownFileType = wrapper.framework; name = JavaScriptCore.framework; path = System/Library/Frameworks/JavaScriptCore.framework; sourceTree = SDKROOT; };
/* End PBXFileReference section */

/* Begin PBXFrameworksBuildPhase section */
		13B07F8C1A680F5B00A75B9A /* Frameworks */ = {
			isa = PBXFrameworksBuildPhase;
			buildActionMask = 2147483647;
			files = (
				0C80B921A6F3F58F76C31292 /* libPods-Steve.a in Frameworks */,
			);
			runOnlyForDeploymentPostprocessing = 0;
		};
/* End PBXFrameworksBuildPhase section */

/* Begin PBXGroup section */
		13B07FAE1A68108700A75B9A /* Steve */ = {
			isa = PBXGroup;
			children = (
				13B07FB51A68108700A75B9A /* Images.xcassets */,
				761780EC2CA45674006654EE /* AppDelegate.swift */,
				13B07FB61A68108700A75B9A /* Info.plist */,
				81AB9BB72411601600AC10FF /* LaunchScreen.storyboard */,
				13B07FB81A68108700A75B9A /* PrivacyInfo.xcprivacy */,
			);
			name = Steve;
			sourceTree = "<group>";
		};
		2D16E6871FA4F8E400B85C8A /* Frameworks */ = {
			isa = PBXGroup;
			children = (
				ED297162215061F000B7C4FE /* JavaScriptCore.framework */,
				5DCACB8F33CDC322A6C60F78 /* libPods-Steve.a */,
			);
			name = Frameworks;
			sourceTree = "<group>";
		};
		832341AE1AAA6A7D00B99B32 /* Libraries */ = {
			isa = PBXGroup;
			children = (
			);
			name = Libraries;
			sourceTree = "<group>";
		};
		83CBB9F61A601CBA00E9B192 = {
			isa = PBXGroup;
			children = (
				13B07FAE1A68108700A75B9A /* Steve */,
				832341AE1AAA6A7D00B99B32 /* Libraries */,
				83CBBA001A601CBA00E9B192 /* Products */,
				2D16E6871FA4F8E400B85C8A /* Frameworks */,
				BBD78D7AC51CEA395F1C20DB /* Pods */,
				9280CE09F1E74E3EB0194AA6 /* Resources */,
			);
			indentWidth = 2;
			sourceTree = "<group>";
			tabWidth = 2;
			usesTabs = 0;
		};
		83CBBA001A601CBA00E9B192 /* Products */ = {
			isa = PBXGroup;
			children = (
				13B07F961A680F5B00A75B9A /* Steve.app */,
			);
			name = Products;
			sourceTree = "<group>";
		};
		9280CE09F1E74E3EB0194AA6 /* Resources */ = {
			isa = PBXGroup;
			children = (
				3412E4B5E65347438ABF5E84 /* Poppins-Regular.otf */,
				E5D0572366CD48F0AF56A4A7 /* Satoshi-Black.otf */,
				15FD28C7A8ED4526A50D31F5 /* Satoshi-BlackItalic.otf */,
				CF00931F8DCB4BED82782C14 /* Satoshi-Bold.otf */,
				D4AC28D04C7A4AD19ABD5F03 /* Satoshi-BoldItalic.otf */,
				8585BC816F774E34926FAB2A /* Satoshi-Italic.otf */,
				A95C79EC517544278D99B5C6 /* Satoshi-Light.otf */,
				45982DF780E74A51BAA5CDEA /* Satoshi-LightItalic.otf */,
				54D6500DB82E41899473D109 /* Satoshi-Medium.otf */,
				82282B99F4284B898BDD4854 /* Satoshi-MediumItalic.otf */,
				767DDC1BF77B43CAAC2C62F3 /* Satoshi-Regular.otf */,
				B5146ECAB5B1430484108D29 /* Poppins-Regular.ttf */,
				E16C3B394E324B1F8F4CAA99 /* Satoshi-Black.ttf */,
				9B2F324C5B37494B92E27DB1 /* Satoshi-Bold.ttf */,
				6B84AE1D54D04931B87280B5 /* Satoshi-Light.ttf */,
				6308F89B48AA46ACBC35C406 /* Satoshi-Medium.ttf */,
				93394A173DBF43E9B2C8D310 /* Satoshi-Regular.ttf */,
				E1DA11A3F090457A8A362AFD /* SpaceMono-Regular.ttf */,
			);
			name = Resources;
			path = "";
			sourceTree = "<group>";
		};
		BBD78D7AC51CEA395F1C20DB /* Pods */ = {
			isa = PBXGroup;
			children = (
				3B4392A12AC88292D35C810B /* Pods-Steve.debug.xcconfig */,
				5709B34CF0A7D63546082F79 /* Pods-Steve.release.xcconfig */,
			);
			path = Pods;
			sourceTree = "<group>";
		};
/* End PBXGroup section */

/* Begin PBXNativeTarget section */
		13B07F861A680F5B00A75B9A /* Steve */ = {
			isa = PBXNativeTarget;
			buildConfigurationList = 13B07F931A680F5B00A75B9A /* Build configuration list for PBXNativeTarget "Steve" */;
			buildPhases = (
				C38B50BA6285516D6DCD4F65 /* [CP] Check Pods Manifest.lock */,
				13B07F871A680F5B00A75B9A /* Sources */,
				13B07F8C1A680F5B00A75B9A /* Frameworks */,
				13B07F8E1A680F5B00A75B9A /* Resources */,
				00DD1BFF1BD5951E006B06BC /* Bundle React Native code and images */,
				00EEFC60759A1932668264C0 /* [CP] Embed Pods Frameworks */,
				E235C05ADACE081382539298 /* [CP] Copy Pods Resources */,
			);
			buildRules = (
			);
			dependencies = (
			);
			name = Steve;
			productName = Steve;
			productReference = 13B07F961A680F5B00A75B9A /* Steve.app */;
			productType = "com.apple.product-type.application";
		};
/* End PBXNativeTarget section */

/* Begin PBXProject section */
		83CBB9F71A601CBA00E9B192 /* Project object */ = {
			isa = PBXProject;
			attributes = {
				LastUpgradeCheck = 1210;
				TargetAttributes = {
					13B07F861A680F5B00A75B9A = {
						LastSwiftMigration = 1120;
					};
				};
			};
			buildConfigurationList = 83CBB9FA1A601CBA00E9B192 /* Build configuration list for PBXProject "Steve" */;
			compatibilityVersion = "Xcode 12.0";
			developmentRegion = en;
			hasScannedForEncodings = 0;
			knownRegions = (
				en,
				Base,
			);
			mainGroup = 83CBB9F61A601CBA00E9B192;
			productRefGroup = 83CBBA001A601CBA00E9B192 /* Products */;
			projectDirPath = "";
			projectRoot = "";
			targets = (
				13B07F861A680F5B00A75B9A /* Steve */,
			);
		};
/* End PBXProject section */

/* Begin PBXResourcesBuildPhase section */
		13B07F8E1A680F5B00A75B9A /* Resources */ = {
			isa = PBXResourcesBuildPhase;
			buildActionMask = 2147483647;
			files = (
				81AB9BB82411601600AC10FF /* LaunchScreen.storyboard in Resources */,
				13B07FBF1A68108700A75B9A /* Images.xcassets in Resources */,
				D02B8C9B1CC44872BB3D43A5 /* Poppins-Regular.otf in Resources */,
				8A7F11E527554F77BCD2F84C /* Satoshi-Black.otf in Resources */,
				AE8F177C21754492BAA8840A /* Satoshi-BlackItalic.otf in Resources */,
				A29DDB8E209E4D36914BAB26 /* Satoshi-Bold.otf in Resources */,
				8A4391DFCC9544B6B2847FA2 /* Satoshi-BoldItalic.otf in Resources */,
				4A98F35CFC25414A9001619F /* Satoshi-Italic.otf in Resources */,
				6DB6375C812D43638651B7DF /* Satoshi-Light.otf in Resources */,
				B103A8C85A8F495B94063978 /* Satoshi-LightItalic.otf in Resources */,
				059F0D2AEE3B416887184F51 /* Satoshi-Medium.otf in Resources */,
				A4614D4CAB514DF7A6BA9565 /* Satoshi-MediumItalic.otf in Resources */,
				E9191CD4987B4907A0670532 /* Satoshi-Regular.otf in Resources */,
				6A3796883CBC48338D34A5F0 /* Poppins-Regular.ttf in Resources */,
				F83C4E9A62EC44B0B5E0BE88 /* Satoshi-Black.ttf in Resources */,
				6BCEC4E6BB554C00AB18D064 /* Satoshi-Bold.ttf in Resources */,
				502A380F327E4CDF96E52A83 /* Satoshi-Light.ttf in Resources */,
				6B3BAFAC44D5481798291BAE /* Satoshi-Medium.ttf in Resources */,
				52ECE3868CFC4D1D9B67B701 /* Satoshi-Regular.ttf in Resources */,
				4E7025E8F88B4999BC7EEB6C /* SpaceMono-Regular.ttf in Resources */,
				C5414CB780C7CAEB45263484 /* PrivacyInfo.xcprivacy in Resources */,
			);
			runOnlyForDeploymentPostprocessing = 0;
		};
/* End PBXResourcesBuildPhase section */

/* Begin PBXShellScriptBuildPhase section */
		00DD1BFF1BD5951E006B06BC /* Bundle React Native code and images */ = {
			isa = PBXShellScriptBuildPhase;
			buildActionMask = 2147483647;
			files = (
			);
			inputPaths = (
				"$(SRCROOT)/.xcode.env.local",
				"$(SRCROOT)/.xcode.env",
			);
			name = "Bundle React Native code and images";
			outputPaths = (
			);
			runOnlyForDeploymentPostprocessing = 0;
			shellPath = /bin/sh;
			shellScript = "set -e\n\nWITH_ENVIRONMENT=\"$REACT_NATIVE_PATH/scripts/xcode/with-environment.sh\"\nREACT_NATIVE_XCODE=\"$REACT_NATIVE_PATH/scripts/react-native-xcode.sh\"\n\n/bin/sh -c \"$WITH_ENVIRONMENT $REACT_NATIVE_XCODE\"\n";
		};
		00EEFC60759A1932668264C0 /* [CP] Embed Pods Frameworks */ = {
			isa = PBXShellScriptBuildPhase;
			buildActionMask = 2147483647;
			files = (
			);
			inputFileListPaths = (
				"${PODS_ROOT}/Target Support Files/Pods-Steve/Pods-Steve-frameworks-${CONFIGURATION}-input-files.xcfilelist",
			);
			name = "[CP] Embed Pods Frameworks";
			outputFileListPaths = (
				"${PODS_ROOT}/Target Support Files/Pods-Steve/Pods-Steve-frameworks-${CONFIGURATION}-output-files.xcfilelist",
			);
			runOnlyForDeploymentPostprocessing = 0;
			shellPath = /bin/sh;
			shellScript = "\"${PODS_ROOT}/Target Support Files/Pods-Steve/Pods-Steve-frameworks.sh\"\n";
			showEnvVarsInLog = 0;
		};
		C38B50BA6285516D6DCD4F65 /* [CP] Check Pods Manifest.lock */ = {
			isa = PBXShellScriptBuildPhase;
			buildActionMask = 2147483647;
			files = (
			);
			inputFileListPaths = (
			);
			inputPaths = (
				"${PODS_PODFILE_DIR_PATH}/Podfile.lock",
				"${PODS_ROOT}/Manifest.lock",
			);
			name = "[CP] Check Pods Manifest.lock";
			outputFileListPaths = (
			);
			outputPaths = (
				"$(DERIVED_FILE_DIR)/Pods-Steve-checkManifestLockResult.txt",
			);
			runOnlyForDeploymentPostprocessing = 0;
			shellPath = /bin/sh;
			shellScript = "diff \"${PODS_PODFILE_DIR_PATH}/Podfile.lock\" \"${PODS_ROOT}/Manifest.lock\" > /dev/null\nif [ $? != 0 ] ; then\n    # print error to STDERR\n    echo \"error: The sandbox is not in sync with the Podfile.lock. Run 'pod install' or update your CocoaPods installation.\" >&2\n    exit 1\nfi\n# This output is used by Xcode 'outputs' to avoid re-running this script phase.\necho \"SUCCESS\" > \"${SCRIPT_OUTPUT_FILE_0}\"\n";
			showEnvVarsInLog = 0;
		};
		E235C05ADACE081382539298 /* [CP] Copy Pods Resources */ = {
			isa = PBXShellScriptBuildPhase;
			buildActionMask = 2147483647;
			files = (
			);
			inputFileListPaths = (
				"${PODS_ROOT}/Target Support Files/Pods-Steve/Pods-Steve-resources-${CONFIGURATION}-input-files.xcfilelist",
			);
			name = "[CP] Copy Pods Resources";
			outputFileListPaths = (
				"${PODS_ROOT}/Target Support Files/Pods-Steve/Pods-Steve-resources-${CONFIGURATION}-output-files.xcfilelist",
			);
			runOnlyForDeploymentPostprocessing = 0;
			shellPath = /bin/sh;
			shellScript = "\"${PODS_ROOT}/Target Support Files/Pods-Steve/Pods-Steve-resources.sh\"\n";
			showEnvVarsInLog = 0;
		};
/* End PBXShellScriptBuildPhase section */

/* Begin PBXSourcesBuildPhase section */
		13B07F871A680F5B00A75B9A /* Sources */ = {
			isa = PBXSourcesBuildPhase;
			buildActionMask = 2147483647;
			files = (
				761780ED2CA45674006654EE /* AppDelegate.swift in Sources */,
			);
			runOnlyForDeploymentPostprocessing = 0;
		};
/* End PBXSourcesBuildPhase section */

/* Begin XCBuildConfiguration section */
		13B07F941A680F5B00A75B9A /* Debug */ = {
			isa = XCBuildConfiguration;
			baseConfigurationReference = 3B4392A12AC88292D35C810B /* Pods-Steve.debug.xcconfig */;
			buildSettings = {
				ASSETCATALOG_COMPILER_APPICON_NAME = AppIcon;
				CLANG_ENABLE_MODULES = YES;
				CURRENT_PROJECT_VERSION = 1;
				ENABLE_BITCODE = NO;
				INFOPLIST_FILE = Steve/Info.plist;
				IPHONEOS_DEPLOYMENT_TARGET = 15.1;
				LD_RUNPATH_SEARCH_PATHS = (
					"$(inherited)",
					"@executable_path/Frameworks",
				);
				MARKETING_VERSION = 1.0;
				OTHER_LDFLAGS = (
					"$(inherited)",
					"-ObjC",
					"-lc++",
				);
				PRODUCT_BUNDLE_IDENTIFIER = "org.reactjs.native.example.$(PRODUCT_NAME:rfc1034identifier)";
				PRODUCT_NAME = Steve;
				SWIFT_OPTIMIZATION_LEVEL = "-Onone";
				SWIFT_VERSION = 5.0;
				VERSIONING_SYSTEM = "apple-generic";
			};
			name = Debug;
		};
		13B07F951A680F5B00A75B9A /* Release */ = {
			isa = XCBuildConfiguration;
			baseConfigurationReference = 5709B34CF0A7D63546082F79 /* Pods-Steve.release.xcconfig */;
			buildSettings = {
				ASSETCATALOG_COMPILER_APPICON_NAME = AppIcon;
				CLANG_ENABLE_MODULES = YES;
				CURRENT_PROJECT_VERSION = 1;
				INFOPLIST_FILE = Steve/Info.plist;
				IPHONEOS_DEPLOYMENT_TARGET = 15.1;
				LD_RUNPATH_SEARCH_PATHS = (
					"$(inherited)",
					"@executable_path/Frameworks",
				);
				MARKETING_VERSION = 1.0;
				OTHER_LDFLAGS = (
					"$(inherited)",
					"-ObjC",
					"-lc++",
				);
				PRODUCT_BUNDLE_IDENTIFIER = "org.reactjs.native.example.$(PRODUCT_NAME:rfc1034identifier)";
				PRODUCT_NAME = Steve;
				SWIFT_VERSION = 5.0;
				VERSIONING_SYSTEM = "apple-generic";
			};
			name = Release;
		};
		83CBBA201A601CBA00E9B192 /* Debug */ = {
			isa = XCBuildConfiguration;
			buildSettings = {
				ALWAYS_SEARCH_USER_PATHS = NO;
				CLANG_ANALYZER_LOCALIZABILITY_NONLOCALIZED = YES;
				CLANG_CXX_LANGUAGE_STANDARD = "c++20";
				CLANG_CXX_LIBRARY = "libc++";
				CLANG_ENABLE_MODULES = YES;
				CLANG_ENABLE_OBJC_ARC = YES;
				CLANG_WARN_BLOCK_CAPTURE_AUTORELEASING = YES;
				CLANG_WARN_BOOL_CONVERSION = YES;
				CLANG_WARN_COMMA = YES;
				CLANG_WARN_CONSTANT_CONVERSION = YES;
				CLANG_WARN_DEPRECATED_OBJC_IMPLEMENTATIONS = YES;
				CLANG_WARN_DIRECT_OBJC_ISA_USAGE = YES_ERROR;
				CLANG_WARN_EMPTY_BODY = YES;
				CLANG_WARN_ENUM_CONVERSION = YES;
				CLANG_WARN_INFINITE_RECURSION = YES;
				CLANG_WARN_INT_CONVERSION = YES;
				CLANG_WARN_NON_LITERAL_NULL_CONVERSION = YES;
				CLANG_WARN_OBJC_IMPLICIT_RETAIN_SELF = YES;
				CLANG_WARN_OBJC_LITERAL_CONVERSION = YES;
				CLANG_WARN_OBJC_ROOT_CLASS = YES_ERROR;
				CLANG_WARN_QUOTED_INCLUDE_IN_FRAMEWORK_HEADER = YES;
				CLANG_WARN_RANGE_LOOP_ANALYSIS = YES;
				CLANG_WARN_STRICT_PROTOTYPES = YES;
				CLANG_WARN_SUSPICIOUS_MOVE = YES;
				CLANG_WARN_UNREACHABLE_CODE = YES;
				CLANG_WARN__DUPLICATE_METHOD_MATCH = YES;
				"CODE_SIGN_IDENTITY[sdk=iphoneos*]" = "iPhone Developer";
				COPY_PHASE_STRIP = NO;
				ENABLE_STRICT_OBJC_MSGSEND = YES;
				ENABLE_TESTABILITY = YES;
				"EXCLUDED_ARCHS[sdk=iphonesimulator*]" = "";
				GCC_C_LANGUAGE_STANDARD = gnu99;
				GCC_DYNAMIC_NO_PIC = NO;
				GCC_NO_COMMON_BLOCKS = YES;
				GCC_OPTIMIZATION_LEVEL = 0;
				GCC_PREPROCESSOR_DEFINITIONS = (
					"DEBUG=1",
					"$(inherited)",
				);
				GCC_SYMBOLS_PRIVATE_EXTERN = NO;
				GCC_WARN_64_TO_32_BIT_CONVERSION = YES;
				GCC_WARN_ABOUT_RETURN_TYPE = YES_ERROR;
				GCC_WARN_UNDECLARED_SELECTOR = YES;
				GCC_WARN_UNINITIALIZED_AUTOS = YES_AGGRESSIVE;
				GCC_WARN_UNUSED_FUNCTION = YES;
				GCC_WARN_UNUSED_VARIABLE = YES;
				IPHONEOS_DEPLOYMENT_TARGET = 15.1;
				LD_RUNPATH_SEARCH_PATHS = (
					/usr/lib/swift,
					"$(inherited)",
				);
				LIBRARY_SEARCH_PATHS = (
					"\"$(SDKROOT)/usr/lib/swift\"",
					"\"$(TOOLCHAIN_DIR)/usr/lib/swift/$(PLATFORM_NAME)\"",
					"\"$(inherited)\"",
				);
				MTL_ENABLE_DEBUG_INFO = YES;
				ONLY_ACTIVE_ARCH = YES;
				OTHER_CPLUSPLUSFLAGS = (
					"$(OTHER_CFLAGS)",
					"-DFOLLY_NO_CONFIG",
					"-DFOLLY_MOBILE=1",
					"-DFOLLY_USE_LIBCPP=1",
					"-DFOLLY_CFG_NO_COROUTINES=1",
					"-DFOLLY_HAVE_CLOCK_GETTIME=1",
				);
				OTHER_LDFLAGS = (
					"$(inherited)",
					" ",
				);
				REACT_NATIVE_PATH = "${PODS_ROOT}/../../node_modules/react-native";
				SDKROOT = iphoneos;
				SWIFT_ACTIVE_COMPILATION_CONDITIONS = "$(inherited) DEBUG";
				USE_HERMES = true;
			};
			name = Debug;
		};
		83CBBA211A601CBA00E9B192 /* Release */ = {
			isa = XCBuildConfiguration;
			buildSettings = {
				ALWAYS_SEARCH_USER_PATHS = NO;
				CLANG_ANALYZER_LOCALIZABILITY_NONLOCALIZED = YES;
				CLANG_CXX_LANGUAGE_STANDARD = "c++20";
				CLANG_CXX_LIBRARY = "libc++";
				CLANG_ENABLE_MODULES = YES;
				CLANG_ENABLE_OBJC_ARC = YES;
				CLANG_WARN_BLOCK_CAPTURE_AUTORELEASING = YES;
				CLANG_WARN_BOOL_CONVERSION = YES;
				CLANG_WARN_COMMA = YES;
				CLANG_WARN_CONSTANT_CONVERSION = YES;
				CLANG_WARN_DEPRECATED_OBJC_IMPLEMENTATIONS = YES;
				CLANG_WARN_DIRECT_OBJC_ISA_USAGE = YES_ERROR;
				CLANG_WARN_EMPTY_BODY = YES;
				CLANG_WARN_ENUM_CONVERSION = YES;
				CLANG_WARN_INFINITE_RECURSION = YES;
				CLANG_WARN_INT_CONVERSION = YES;
				CLANG_WARN_NON_LITERAL_NULL_CONVERSION = YES;
				CLANG_WARN_OBJC_IMPLICIT_RETAIN_SELF = YES;
				CLANG_WARN_OBJC_LITERAL_CONVERSION = YES;
				CLANG_WARN_OBJC_ROOT_CLASS = YES_ERROR;
				CLANG_WARN_QUOTED_INCLUDE_IN_FRAMEWORK_HEADER = YES;
				CLANG_WARN_RANGE_LOOP_ANALYSIS = YES;
				CLANG_WARN_STRICT_PROTOTYPES = YES;
				CLANG_WARN_SUSPICIOUS_MOVE = YES;
				CLANG_WARN_UNREACHABLE_CODE = YES;
				CLANG_WARN__DUPLICATE_METHOD_MATCH = YES;
				"CODE_SIGN_IDENTITY[sdk=iphoneos*]" = "iPhone Developer";
				COPY_PHASE_STRIP = YES;
				ENABLE_NS_ASSERTIONS = NO;
				ENABLE_STRICT_OBJC_MSGSEND = YES;
				"EXCLUDED_ARCHS[sdk=iphonesimulator*]" = "";
				GCC_C_LANGUAGE_STANDARD = gnu99;
				GCC_NO_COMMON_BLOCKS = YES;
				GCC_WARN_64_TO_32_BIT_CONVERSION = YES;
				GCC_WARN_ABOUT_RETURN_TYPE = YES_ERROR;
				GCC_WARN_UNDECLARED_SELECTOR = YES;
				GCC_WARN_UNINITIALIZED_AUTOS = YES_AGGRESSIVE;
				GCC_WARN_UNUSED_FUNCTION = YES;
				GCC_WARN_UNUSED_VARIABLE = YES;
				IPHONEOS_DEPLOYMENT_TARGET = 15.1;
				LD_RUNPATH_SEARCH_PATHS = (
					/usr/lib/swift,
					"$(inherited)",
				);
				LIBRARY_SEARCH_PATHS = (
					"\"$(SDKROOT)/usr/lib/swift\"",
					"\"$(TOOLCHAIN_DIR)/usr/lib/swift/$(PLATFORM_NAME)\"",
					"\"$(inherited)\"",
				);
				MTL_ENABLE_DEBUG_INFO = NO;
				OTHER_CPLUSPLUSFLAGS = (
					"$(OTHER_CFLAGS)",
					"-DFOLLY_NO_CONFIG",
					"-DFOLLY_MOBILE=1",
					"-DFOLLY_USE_LIBCPP=1",
					"-DFOLLY_CFG_NO_COROUTINES=1",
					"-DFOLLY_HAVE_CLOCK_GETTIME=1",
				);
				OTHER_LDFLAGS = (
					"$(inherited)",
					" ",
				);
				REACT_NATIVE_PATH = "${PODS_ROOT}/../../node_modules/react-native";
				SDKROOT = iphoneos;
				USE_HERMES = true;
				VALIDATE_PRODUCT = YES;
			};
			name = Release;
		};
/* End XCBuildConfiguration section */

/* Begin XCConfigurationList section */
		13B07F931A680F5B00A75B9A /* Build configuration list for PBXNativeTarget "Steve" */ = {
			isa = XCConfigurationList;
			buildConfigurations = (
				13B07F941A680F5B00A75B9A /* Debug */,
				13B07F951A680F5B00A75B9A /* Release */,
			);
			defaultConfigurationIsVisible = 0;
			defaultConfigurationName = Release;
		};
		83CBB9FA1A601CBA00E9B192 /* Build configuration list for PBXProject "Steve" */ = {
			isa = XCConfigurationList;
			buildConfigurations = (
				83CBBA201A601CBA00E9B192 /* Debug */,
				83CBBA211A601CBA00E9B192 /* Release */,
			);
			defaultConfigurationIsVisible = 0;
			defaultConfigurationName = Release;
		};
/* End XCConfigurationList section */
	};
	rootObject = 83CBB9F71A601CBA00E9B192 /* Project object */;
}
